
Microsoft Visual Studio Solution File, Format Version 12.00
# Visual Studio 15
VisualStudioVersion = 15.0.28307.168
MinimumVisualStudioVersion = 10.0.40219.1
Project("{FAE04EC0-301F-11D3-BF4B-00C04F79EFBC}") = "B360.Notifier.ServiceNowNotification", "ServiceNow\B360.Notifier.ServiceNowNotification.csproj", "{92041E87-851D-4D73-93F1-6DE0DA1B319A}"
EndProject
Global
	GlobalSection(SolutionConfigurationPlatforms) = preSolution
		Debug|Any CPU = Debug|Any CPU
		Release|Any CPU = Release|Any CPU
	EndGlobalSection
	GlobalSection(ProjectConfigurationPlatforms) = postSolution
		{92041E87-851D-4D73-93F1-6DE0DA1B319A}.Debug|Any CPU.ActiveCfg = Debug|Any CPU
		{92041E87-851D-4D73-93F1-6DE0DA1B319A}.Debug|Any CPU.Build.0 = Debug|Any CPU
		{92041E87-851D-4D73-93F1-6DE0DA1B319A}.Release|Any CPU.ActiveCfg = Release|Any CPU
		{92041E87-851D-4D73-93F1-6DE0DA1B319A}.Release|Any CPU.Build.0 = Release|Any CPU
	EndGlobalSection
	GlobalSection(SolutionProperties) = preSolution
		HideSolutionNode = FALSE
	EndGlobalSection
	GlobalSection(ExtensibilityGlobals) = postSolution
		SolutionGuid = {2CE5A422-416E-4ECF-80BD-A5A17D537545}
	EndGlobalSection
EndGlobal
